// !$*UTF8*$!
{
	archiveVersion = 1;
	classes = {
	};
	objectVersion = 55;
	objects = {

/* Begin PBXBuildFile section */
		2B4AA1F42A077B70005109B9 /* AppDelegate.swift in Sources */ = {isa = PBXBuildFile; fileRef = 2B4AA1F32A077B70005109B9 /* AppDelegate.swift */; };
		2B4AA1F62A077B70005109B9 /* SceneDelegate.swift in Sources */ = {isa = PBXBuildFile; fileRef = 2B4AA1F52A077B70005109B9 /* SceneDelegate.swift */; };
		2B4AA1F82A077B70005109B9 /* ViewController.swift in Sources */ = {isa = PBXBuildFile; fileRef = 2B4AA1F72A077B70005109B9 /* ViewController.swift */; };
		2B4AA1FB2A077B70005109B9 /* Main.storyboard in Resources */ = {isa = PBXBuildFile; fileRef = 2B4AA1F92A077B70005109B9 /* Main.storyboard */; };
		2B4AA1FE2A077B70005109B9 /* UIKiteFullProgramatically.xcdatamodeld in Sources */ = {isa = PBXBuildFile; fileRef = 2B4AA1FC2A077B70005109B9 /* UIKiteFullProgramatically.xcdatamodeld */; };
		2B4AA2002A077B77005109B9 /* Assets.xcassets in Resources */ = {isa = PBXBuildFile; fileRef = 2B4AA1FF2A077B77005109B9 /* Assets.xcassets */; };
		2B4AA2032A077B77005109B9 /* LaunchScreen.storyboard in Resources */ = {isa = PBXBuildFile; fileRef = 2B4AA2012A077B77005109B9 /* LaunchScreen.storyboard */; };
		2B4AA20B2A07BF88005109B9 /* ButtonViewController.swift in Sources */ = {isa = PBXBuildFile; fileRef = 2B4AA20A2A07BF88005109B9 /* ButtonViewController.swift */; };
		2BA1A43B2A08C1E8008F4ABD /* Extensions.swift in Sources */ = {isa = PBXBuildFile; fileRef = 2BA1A43A2A08C1E8008F4ABD /* Extensions.swift */; };
/* End PBXBuildFile section */

/* Begin PBXFileReference section */
		2B4AA1F02A077B70005109B9 /* UIKiteFullProgramatically.app */ = {isa = PBXFileReference; explicitFileType = wrapper.application; includeInIndex = 0; path = UIKiteFullProgramatically.app; sourceTree = BUILT_PRODUCTS_DIR; };
		2B4AA1F32A077B70005109B9 /* AppDelegate.swift */ = {isa = PBXFileReference; lastKnownFileType = sourcecode.swift; path = AppDelegate.swift; sourceTree = "<group>"; };
		2B4AA1F52A077B70005109B9 /* SceneDelegate.swift */ = {isa = PBXFileReference; lastKnownFileType = sourcecode.swift; path = SceneDelegate.swift; sourceTree = "<group>"; };
		2B4AA1F72A077B70005109B9 /* ViewController.swift */ = {isa = PBXFileReference; lastKnownFileType = sourcecode.swift; path = ViewController.swift; sourceTree = "<group>"; };
		2B4AA1FA2A077B70005109B9 /* Base */ = {isa = PBXFileReference; lastKnownFileType = file.storyboard; name = Base; path = Base.lproj/Main.storyboard; sourceTree = "<group>"; };
		2B4AA1FD2A077B70005109B9 /* UIKiteFullProgramatically.xcdatamodel */ = {isa = PBXFileReference; lastKnownFileType = wrapper.xcdatamodel; path = UIKiteFullProgramatically.xcdatamodel; sourceTree = "<group>"; };
		2B4AA1FF2A077B77005109B9 /* Assets.xcassets */ = {isa = PBXFileReference; lastKnownFileType = folder.assetcatalog; path = Assets.xcassets; sourceTree = "<group>"; };
		2B4AA2022A077B77005109B9 /* Base */ = {isa = PBXFileReference; lastKnownFileType = file.storyboard; name = Base; path = Base.lproj/LaunchScreen.storyboard; sourceTree = "<group>"; };
		2B4AA2042A077B77005109B9 /* Info.plist */ = {isa = PBXFileReference; lastKnownFileType = text.plist.xml; path = Info.plist; sourceTree = "<group>"; };
		2B4AA20A2A07BF88005109B9 /* ButtonViewController.swift */ = {isa = PBXFileReference; lastKnownFileType = sourcecode.swift; path = ButtonViewController.swift; sourceTree = "<group>"; };
		2BA1A43A2A08C1E8008F4ABD /* Extensions.swift */ = {isa = PBXFileReference; lastKnownFileType = sourcecode.swift; path = Extensions.swift; sourceTree = "<group>"; };
/* End PBXFileReference section */

/* Begin PBXFrameworksBuildPhase section */
		2B4AA1ED2A077B70005109B9 /* Frameworks */ = {
			isa = PBXFrameworksBuildPhase;
			buildActionMask = 2147483647;
			files = (
			);
			runOnlyForDeploymentPostprocessing = 0;
		};
/* End PBXFrameworksBuildPhase section */

/* Begin PBXGroup section */
		2B4AA1E72A077B70005109B9 = {
			isa = PBXGroup;
			children = (
				2B4AA1F22A077B70005109B9 /* UIKiteFullProgramatically */,
				2B4AA1F12A077B70005109B9 /* Products */,
			);
			sourceTree = "<group>";
		};
		2B4AA1F12A077B70005109B9 /* Products */ = {
			isa = PBXGroup;
			children = (
				2B4AA1F02A077B70005109B9 /* UIKiteFullProgramatically.app */,
			);
			name = Products;
			sourceTree = "<group>";
		};
		2B4AA1F22A077B70005109B9 /* UIKiteFullProgramatically */ = {
			isa = PBXGroup;
			children = (
				2B4AA1F32A077B70005109B9 /* AppDelegate.swift */,
				2B4AA1F52A077B70005109B9 /* SceneDelegate.swift */,
				2B4AA1F72A077B70005109B9 /* ViewController.swift */,
				2B4AA20A2A07BF88005109B9 /* ButtonViewController.swift */,
				2B4AA1F92A077B70005109B9 /* Main.storyboard */,
				2B4AA1FF2A077B77005109B9 /* Assets.xcassets */,
				2B4AA2012A077B77005109B9 /* LaunchScreen.storyboard */,
				2B4AA2042A077B77005109B9 /* Info.plist */,
				2B4AA1FC2A077B70005109B9 /* UIKiteFullProgramatically.xcdatamodeld */,
				2BA1A43A2A08C1E8008F4ABD /* Extensions.swift */,
			);
			path = UIKiteFullProgramatically;
			sourceTree = "<group>";
		};
/* End PBXGroup section */

/* Begin PBXNativeTarget section */
		2B4AA1EF2A077B70005109B9 /* UIKiteFullProgramatically */ = {
			isa = PBXNativeTarget;
			buildConfigurationList = 2B4AA2072A077B77005109B9 /* Build configuration list for PBXNativeTarget "UIKiteFullProgramatically" */;
			buildPhases = (
				2B4AA1EC2A077B70005109B9 /* Sources */,
				2B4AA1ED2A077B70005109B9 /* Frameworks */,
				2B4AA1EE2A077B70005109B9 /* Resources */,
			);
			buildRules = (
			);
			dependencies = (
			);
			name = UIKiteFullProgramatically;
			productName = UIKiteFullProgramatically;
			productReference = 2B4AA1F02A077B70005109B9 /* UIKiteFullProgramatically.app */;
			productType = "com.apple.product-type.application";
		};
/* End PBXNativeTarget section */

/* Begin PBXProject section */
		2B4AA1E82A077B70005109B9 /* Project object */ = {
			isa = PBXProject;
			attributes = {
				BuildIndependentTargetsInParallel = 1;
				LastSwiftUpdateCheck = 1330;
				LastUpgradeCheck = 1330;
				TargetAttributes = {
					2B4AA1EF2A077B70005109B9 = {
						CreatedOnToolsVersion = 13.3.1;
					};
				};
			};
			buildConfigurationList = 2B4AA1EB2A077B70005109B9 /* Build configuration list for PBXProject "UIKiteFullProgramatically" */;
			compatibilityVersion = "Xcode 13.0";
			developmentRegion = en;
			hasScannedForEncodings = 0;
			knownRegions = (
				en,
				Base,
			);
			mainGroup = 2B4AA1E72A077B70005109B9;
			productRefGroup = 2B4AA1F12A077B70005109B9 /* Products */;
			projectDirPath = "";
			projectRoot = "";
			targets = (
				2B4AA1EF2A077B70005109B9 /* UIKiteFullProgramatically */,
			);
		};
/* End PBXProject section */

/* Begin PBXResourcesBuildPhase section */
		2B4AA1EE2A077B70005109B9 /* Resources */ = {
			isa = PBXResourcesBuildPhase;
			buildActionMask = 2147483647;
			files = (
				2B4AA2032A077B77005109B9 /* LaunchScreen.storyboard in Resources */,
				2B4AA2002A077B77005109B9 /* Assets.xcassets in Resources */,
				2B4AA1FB2A077B70005109B9 /* Main.storyboard in Resources */,
			);
			runOnlyForDeploymentPostprocessing = 0;
		};
/* End PBXResourcesBuildPhase section */

/* Begin PBXSourcesBuildPhase section */
		2B4AA1EC2A077B70005109B9 /* Sources */ = {
			isa = PBXSourcesBuildPhase;
			buildActionMask = 2147483647;
			files = (
				2B4AA1F82A077B70005109B9 /* ViewController.swift in Sources */,
				2BA1A43B2A08C1E8008F4ABD /* Extensions.swift in Sources */,
				2B4AA1F42A077B70005109B9 /* AppDelegate.swift in Sources */,
				2B4AA1F62A077B70005109B9 /* SceneDelegate.swift in Sources */,
				2B4AA20B2A07BF88005109B9 /* ButtonViewController.swift in Sources */,
				2B4AA1FE2A077B70005109B9 /* UIKiteFullProgramatically.xcdatamodeld in Sources */,
			);
			runOnlyForDeploymentPostprocessing = 0;
		};
/* End PBXSourcesBuildPhase section */

/* Begin PBXVariantGroup section */
		2B4AA1F92A077B70005109B9 /* Main.storyboard */ = {
			isa = PBXVariantGroup;
			children = (
				2B4AA1FA2A077B70005109B9 /* Base */,
			);
			name = Main.storyboard;
			sourceTree = "<group>";
		};
		2B4AA2012A077B77005109B9 /* LaunchScreen.storyboard */ = {
			isa = PBXVariantGroup;
			children = (
				2B4AA2022A077B77005109B9 /* Base */,
			);
			name = LaunchScreen.storyboard;
			sourceTree = "<group>";
		};
/* End PBXVariantGroup section */

/* Begin XCBuildConfiguration section */
		2B4AA2052A077B77005109B9 /* Debug */ = {
			isa = XCBuildConfiguration;
			buildSettings = {
				ALWAYS_SEARCH_USER_PATHS = NO;
				CLANG_ANALYZER_NONNULL = YES;
				CLANG_ANALYZER_NUMBER_OBJECT_CONVERSION = YES_AGGRESSIVE;
				CLANG_CXX_LANGUAGE_STANDARD = "gnu++17";
				CLANG_ENABLE_MODULES = YES;
				CLANG_ENABLE_OBJC_ARC = YES;
				CLANG_ENABLE_OBJC_WEAK = YES;
				CLANG_WARN_BLOCK_CAPTURE_AUTORELEASING = YES;
				CLANG_WARN_BOOL_CONVERSION = YES;
				CLANG_WARN_COMMA = YES;
				CLANG_WARN_CONSTANT_CONVERSION = YES;
				CLANG_WARN_DEPRECATED_OBJC_IMPLEMENTATIONS = YES;
				CLANG_WARN_DIRECT_OBJC_ISA_USAGE = YES_ERROR;
				CLANG_WARN_DOCUMENTATION_COMMENTS = YES;
				CLANG_WARN_EMPTY_BODY = YES;
				CLANG_WARN_ENUM_CONVERSION = YES;
				CLANG_WARN_INFINITE_RECURSION = YES;
				CLANG_WARN_INT_CONVERSION = YES;
				CLANG_WARN_NON_LITERAL_NULL_CONVERSION = YES;
				CLANG_WARN_OBJC_IMPLICIT_RETAIN_SELF = YES;
				CLANG_WARN_OBJC_LITERAL_CONVERSION = YES;
				CLANG_WARN_OBJC_ROOT_CLASS = YES_ERROR;
				CLANG_WARN_QUOTED_INCLUDE_IN_FRAMEWORK_HEADER = YES;
				CLANG_WARN_RANGE_LOOP_ANALYSIS = YES;
				CLANG_WARN_STRICT_PROTOTYPES = YES;
				CLANG_WARN_SUSPICIOUS_MOVE = YES;
				CLANG_WARN_UNGUARDED_AVAILABILITY = YES_AGGRESSIVE;
				CLANG_WARN_UNREACHABLE_CODE = YES;
				CLANG_WARN__DUPLICATE_METHOD_MATCH = YES;
				COPY_PHASE_STRIP = NO;
				DEBUG_INFORMATION_FORMAT = dwarf;
				ENABLE_STRICT_OBJC_MSGSEND = YES;
				ENABLE_TESTABILITY = YES;
				GCC_C_LANGUAGE_STANDARD = gnu11;
				GCC_DYNAMIC_NO_PIC = NO;
				GCC_NO_COMMON_BLOCKS = YES;
				GCC_OPTIMIZATION_LEVEL = 0;
				GCC_PREPROCESSOR_DEFINITIONS = (
					"DEBUG=1",
					"$(inherited)",
				);
				GCC_WARN_64_TO_32_BIT_CONVERSION = YES;
				GCC_WARN_ABOUT_RETURN_TYPE = YES_ERROR;
				GCC_WARN_UNDECLARED_SELECTOR = YES;
				GCC_WARN_UNINITIALIZED_AUTOS = YES_AGGRESSIVE;
				GCC_WARN_UNUSED_FUNCTION = YES;
				GCC_WARN_UNUSED_VARIABLE = YES;
				IPHONEOS_DEPLOYMENT_TARGET = 15.4;
				MTL_ENABLE_DEBUG_INFO = INCLUDE_SOURCE;
				MTL_FAST_MATH = YES;
				ONLY_ACTIVE_ARCH = YES;
				SDKROOT = iphoneos;
				SWIFT_ACTIVE_COMPILATION_CONDITIONS = DEBUG;
				SWIFT_OPTIMIZATION_LEVEL = "-Onone";
			};
			name = Debug;
		};
		2B4AA2062A077B77005109B9 /* Release */ = {
			isa = XCBuildConfiguration;
			buildSettings = {
				ALWAYS_SEARCH_USER_PATHS = NO;
				CLANG_ANALYZER_NONNULL = YES;
				CLANG_ANALYZER_NUMBER_OBJECT_CONVERSION = YES_AGGRESSIVE;
				CLANG_CXX_LANGUAGE_STANDARD = "gnu++17";
				CLANG_ENABLE_MODULES = YES;
				CLANG_ENABLE_OBJC_ARC = YES;
				CLANG_ENABLE_OBJC_WEAK = YES;
				CLANG_WARN_BLOCK_CAPTURE_AUTORELEASING = YES;
				CLANG_WARN_BOOL_CONVERSION = YES;
				CLANG_WARN_COMMA = YES;
				CLANG_WARN_CONSTANT_CONVERSION = YES;
				CLANG_WARN_DEPRECATED_OBJC_IMPLEMENTATIONS = YES;
				CLANG_WARN_DIRECT_OBJC_ISA_USAGE = YES_ERROR;
				CLANG_WARN_DOCUMENTATION_COMMENTS = YES;
				CLANG_WARN_EMPTY_BODY = YES;
				CLANG_WARN_ENUM_CONVERSION = YES;
				CLANG_WARN_INFINITE_RECURSION = YES;
				CLANG_WARN_INT_CONVERSION = YES;
				CLANG_WARN_NON_LITERAL_NULL_CONVERSION = YES;
				CLANG_WARN_OBJC_IMPLICIT_RETAIN_SELF = YES;
				CLANG_WARN_OBJC_LITERAL_CONVERSION = YES;
				CLANG_WARN_OBJC_ROOT_CLASS = YES_ERROR;
				CLANG_WARN_QUOTED_INCLUDE_IN_FRAMEWORK_HEADER = YES;
				CLANG_WARN_RANGE_LOOP_ANALYSIS = YES;
				CLANG_WARN_STRICT_PROTOTYPES = YES;
				CLANG_WARN_SUSPICIOUS_MOVE = YES;
				CLANG_WARN_UNGUARDED_AVAILABILITY = YES_AGGRESSIVE;
				CLANG_WARN_UNREACHABLE_CODE = YES;
				CLANG_WARN__DUPLICATE_METHOD_MATCH = YES;
				COPY_PHASE_STRIP = NO;
				DEBUG_INFORMATION_FORMAT = "dwarf-with-dsym";
				ENABLE_NS_ASSERTIONS = NO;
				ENABLE_STRICT_OBJC_MSGSEND = YES;
				GCC_C_LANGUAGE_STANDARD = gnu11;
				GCC_NO_COMMON_BLOCKS = YES;
				GCC_WARN_64_TO_32_BIT_CONVERSION = YES;
				GCC_WARN_ABOUT_RETURN_TYPE = YES_ERROR;
				GCC_WARN_UNDECLARED_SELECTOR = YES;
				GCC_WARN_UNINITIALIZED_AUTOS = YES_AGGRESSIVE;
				GCC_WARN_UNUSED_FUNCTION = YES;
				GCC_WARN_UNUSED_VARIABLE = YES;
				IPHONEOS_DEPLOYMENT_TARGET = 15.4;
				MTL_ENABLE_DEBUG_INFO = NO;
				MTL_FAST_MATH = YES;
				SDKROOT = iphoneos;
				SWIFT_COMPILATION_MODE = wholemodule;
				SWIFT_OPTIMIZATION_LEVEL = "-O";
				VALIDATE_PRODUCT = YES;
			};
			name = Release;
		};
		2B4AA2082A077B77005109B9 /* Debug */ = {
			isa = XCBuildConfiguration;
			buildSettings = {
				ASSETCATALOG_COMPILER_APPICON_NAME = AppIcon;
				ASSETCATALOG_COMPILER_GLOBAL_ACCENT_COLOR_NAME = AccentColor;
				CODE_SIGN_STYLE = Automatic;
				CURRENT_PROJECT_VERSION = 1;
				GENERATE_INFOPLIST_FILE = YES;
				INFOPLIST_FILE = UIKiteFullProgramatically/Info.plist;
				INFOPLIST_KEY_UIApplicationSupportsIndirectInputEvents = YES;
				INFOPLIST_KEY_UILaunchStoryboardName = LaunchScreen;
				INFOPLIST_KEY_UIMainStoryboardFile = Main;
				INFOPLIST_KEY_UISupportedInterfaceOrientations_iPad = "UIInterfaceOrientationPortrait UIInterfaceOrientationPortraitUpsideDown UIInterfaceOrientationLandscapeLeft UIInterfaceOrientationLandscapeRight";
				INFOPLIST_KEY_UISupportedInterfaceOrientations_iPhone = "UIInterfaceOrientationPortrait UIInterfaceOrientationLandscapeLeft UIInterfaceOrientationLandscapeRight";
				LD_RUNPATH_SEARCH_PATHS = (
					"$(inherited)",
					"@executable_path/Frameworks",
				);
				MARKETING_VERSION = 1.0;
				PRODUCT_BUNDLE_IDENTIFIER = com.faizan.UIKiteFullProgramatically;
				PRODUCT_NAME = "$(TARGET_NAME)";
				SWIFT_EMIT_LOC_STRINGS = YES;
				SWIFT_VERSION = 5.0;
				TARGETED_DEVICE_FAMILY = "1,2";
			};
			name = Debug;
		};
		2B4AA2092A077B77005109B9 /* Release */ = {
			isa = XCBuildConfiguration;
			buildSettings = {
				ASSETCATALOG_COMPILER_APPICON_NAME = AppIcon;
				ASSETCATALOG_COMPILER_GLOBAL_ACCENT_COLOR_NAME = AccentColor;
				CODE_SIGN_STYLE = Automatic;
				CURRENT_PROJECT_VERSION = 1;
				GENERATE_INFOPLIST_FILE = YES;
				INFOPLIST_FILE = UIKiteFullProgramatically/Info.plist;
				INFOPLIST_KEY_UIApplicationSupportsIndirectInputEvents = YES;
				INFOPLIST_KEY_UILaunchStoryboardName = LaunchScreen;
				INFOPLIST_KEY_UIMainStoryboardFile = Main;
				INFOPLIST_KEY_UISupportedInterfaceOrientations_iPad = "UIInterfaceOrientationPortrait UIInterfaceOrientationPortraitUpsideDown UIInterfaceOrientationLandscapeLeft UIInterfaceOrientationLandscapeRight";
				INFOPLIST_KEY_UISupportedInterfaceOrientations_iPhone = "UIInterfaceOrientationPortrait UIInterfaceOrientationLandscapeLeft UIInterfaceOrientationLandscapeRight";
				LD_RUNPATH_SEARCH_PATHS = (
					"$(inherited)",
					"@executable_path/Frameworks",
				);
				MARKETING_VERSION = 1.0;
				PRODUCT_BUNDLE_IDENTIFIER = com.faizan.UIKiteFullProgramatically;
				PRODUCT_NAME = "$(TARGET_NAME)";
				SWIFT_EMIT_LOC_STRINGS = YES;
				SWIFT_VERSION = 5.0;
				TARGETED_DEVICE_FAMILY = "1,2";
			};
			name = Release;
		};
/* End XCBuildConfiguration section */

/* Begin XCConfigurationList section */
		2B4AA1EB2A077B70005109B9 /* Build configuration list for PBXProject "UIKiteFullProgramatically" */ = {
			isa = XCConfigurationList;
			buildConfigurations = (
				2B4AA2052A077B77005109B9 /* Debug */,
				2B4AA2062A077B77005109B9 /* Release */,
			);
			defaultConfigurationIsVisible = 0;
			defaultConfigurationName = Release;
		};
		2B4AA2072A077B77005109B9 /* Build configuration list for PBXNativeTarget "UIKiteFullProgramatically" */ = {
			isa = XCConfigurationList;
			buildConfigurations = (
				2B4AA2082A077B77005109B9 /* Debug */,
				2B4AA2092A077B77005109B9 /* Release */,
			);
			defaultConfigurationIsVisible = 0;
			defaultConfigurationName = Release;
		};
/* End XCConfigurationList section */

/* Begin XCVersionGroup section */
		2B4AA1FC2A077B70005109B9 /* UIKiteFullProgramatically.xcdatamodeld */ = {
			isa = XCVersionGroup;
			children = (
				2B4AA1FD2A077B70005109B9 /* UIKiteFullProgramatically.xcdatamodel */,
			);
			currentVersion = 2B4AA1FD2A077B70005109B9 /* UIKiteFullProgramatically.xcdatamodel */;
			path = UIKiteFullProgramatically.xcdatamodeld;
			sourceTree = "<group>";
			versionGroupType = wrapper.xcdatamodel;
		};
/* End XCVersionGroup section */
	};
	rootObject = 2B4AA1E82A077B70005109B9 /* Project object */;
}
